
Microsoft Visual Studio Solution File, Format Version 12.00
# Visual Studio Version 16
VisualStudioVersion = 25.0.1705.3
MinimumVisualStudioVersion = 10.0.40219.1
Project("{FAE04EC0-301F-11D3-BF4B-00C04F79EFBC}") = "NewApp", "NewApp.csproj", "{7ACF873B-2E57-4359-92D1-7DAE98872770}"
EndProject
Global
	GlobalSection(SolutionConfigurationPlatforms) = preSolution
		Debug|Any CPU = Debug|Any CPU
		Release|Any CPU = Release|Any CPU
	EndGlobalSection
	GlobalSection(ProjectConfigurationPlatforms) = postSolution
		{7ACF873B-2E57-4359-92D1-7DAE98872770}.Debug|Any CPU.ActiveCfg = Debug|Any CPU
		{7ACF873B-2E57-4359-92D1-7DAE98872770}.Debug|Any CPU.Build.0 = Debug|Any CPU
		{7ACF873B-2E57-4359-92D1-7DAE98872770}.Release|Any CPU.ActiveCfg = Release|Any CPU
		{7ACF873B-2E57-4359-92D1-7DAE98872770}.Release|Any CPU.Build.0 = Release|Any CPU
	EndGlobalSection
	GlobalSection(SolutionProperties) = preSolution
		HideSolutionNode = FALSE
	EndGlobalSection
	GlobalSection(ExtensibilityGlobals) = postSolution
		SolutionGuid = {27271C7B-0430-46BE-89B3-E85FFB496FBD}
	EndGlobalSection
EndGlobal
